
Microsoft Visual Studio Solution File, Format Version 12.00
# Visual Studio 15
VisualStudioVersion = 15.0.27703.2047
MinimumVisualStudioVersion = 10.0.40219.1
Project("{FAE04EC0-301F-11D3-BF4B-00C04F79EFBC}") = "RepoExample", "RepoExample\RepoExample.csproj", "{B1DB9E80-294B-4450-80DE-A1A2B87E4538}"
EndProject
Global
	GlobalSection(SolutionConfigurationPlatforms) = preSolution
		Debug|Any CPU = Debug|Any CPU
		Release|Any CPU = Release|Any CPU
	EndGlobalSection
	GlobalSection(ProjectConfigurationPlatforms) = postSolution
		{B1DB9E80-294B-4450-80DE-A1A2B87E4538}.Debug|Any CPU.ActiveCfg = Debug|Any CPU
		{B1DB9E80-294B-4450-80DE-A1A2B87E4538}.Debug|Any CPU.Build.0 = Debug|Any CPU
		{B1DB9E80-294B-4450-80DE-A1A2B87E4538}.Release|Any CPU.ActiveCfg = Release|Any CPU
		{B1DB9E80-294B-4450-80DE-A1A2B87E4538}.Release|Any CPU.Build.0 = Release|Any CPU
	EndGlobalSection
	GlobalSection(SolutionProperties) = preSolution
		HideSolutionNode = FALSE
	EndGlobalSection
	GlobalSection(ExtensibilityGlobals) = postSolution
		SolutionGuid = {F3C16888-24BB-47DD-8DB5-0D07F544F52B}
	EndGlobalSection
EndGlobal
